// !$*UTF8*$!
{
	archiveVersion = 1;
	classes = {
	};
	objectVersion = 50;
	objects = {

/* Begin PBXBuildFile section */
		FF0C125A21A0839F00B9F09D /* HandChecker.swift in Sources */ = {isa = PBXBuildFile; fileRef = FF0C125921A0839F00B9F09D /* HandChecker.swift */; };
		FF10646A219E08AA00FD9770 /* TestViewController.swift in Sources */ = {isa = PBXBuildFile; fileRef = FF106469219E08AA00FD9770 /* TestViewController.swift */; };
		FF32BF52219F65AB009DAB2D /* Card.swift in Sources */ = {isa = PBXBuildFile; fileRef = FF32BF51219F65AB009DAB2D /* Card.swift */; };
		FF32BF53219F65AB009DAB2D /* Card.swift in Sources */ = {isa = PBXBuildFile; fileRef = FF32BF51219F65AB009DAB2D /* Card.swift */; };
		FF32BF55219F6B89009DAB2D /* Hand.swift in Sources */ = {isa = PBXBuildFile; fileRef = FF32BF54219F6B89009DAB2D /* Hand.swift */; };
		FF32BF56219F6B89009DAB2D /* Hand.swift in Sources */ = {isa = PBXBuildFile; fileRef = FF32BF54219F6B89009DAB2D /* Hand.swift */; };
		FFA3DFA3219B3ABE00B55F0D /* AppDelegate.swift in Sources */ = {isa = PBXBuildFile; fileRef = FFA3DFA2219B3ABE00B55F0D /* AppDelegate.swift */; };
		FFA3DFA5219B3ABE00B55F0D /* ViewController.swift in Sources */ = {isa = PBXBuildFile; fileRef = FFA3DFA4219B3ABE00B55F0D /* ViewController.swift */; };
		FFA3DFA8219B3ABE00B55F0D /* Main.storyboard in Resources */ = {isa = PBXBuildFile; fileRef = FFA3DFA6219B3ABE00B55F0D /* Main.storyboard */; };
		FFA3DFAB219B3ABE00B55F0D /* PokerPal.xcdatamodeld in Sources */ = {isa = PBXBuildFile; fileRef = FFA3DFA9219B3ABE00B55F0D /* PokerPal.xcdatamodeld */; };
		FFA3DFAD219B3ABF00B55F0D /* Assets.xcassets in Resources */ = {isa = PBXBuildFile; fileRef = FFA3DFAC219B3ABF00B55F0D /* Assets.xcassets */; };
		FFA3DFB0219B3ABF00B55F0D /* LaunchScreen.storyboard in Resources */ = {isa = PBXBuildFile; fileRef = FFA3DFAE219B3ABF00B55F0D /* LaunchScreen.storyboard */; };
		FFA3DFBB219B3AC000B55F0D /* PokerPalTests.swift in Sources */ = {isa = PBXBuildFile; fileRef = FFA3DFBA219B3AC000B55F0D /* PokerPalTests.swift */; };
		FFA3DFCA219B3E7B00B55F0D /* HandCheckerViewController.swift in Sources */ = {isa = PBXBuildFile; fileRef = FFA3DFC9219B3E7B00B55F0D /* HandCheckerViewController.swift */; };
/* End PBXBuildFile section */

/* Begin PBXContainerItemProxy section */
		FFA3DFB7219B3AC000B55F0D /* PBXContainerItemProxy */ = {
			isa = PBXContainerItemProxy;
			containerPortal = FFA3DF97219B3ABE00B55F0D /* Project object */;
			proxyType = 1;
			remoteGlobalIDString = FFA3DF9E219B3ABE00B55F0D;
			remoteInfo = PokerPal;
		};
/* End PBXContainerItemProxy section */

/* Begin PBXFileReference section */
		FF0C125921A0839F00B9F09D /* HandChecker.swift */ = {isa = PBXFileReference; lastKnownFileType = sourcecode.swift; path = HandChecker.swift; sourceTree = "<group>"; };
		FF106469219E08AA00FD9770 /* TestViewController.swift */ = {isa = PBXFileReference; lastKnownFileType = sourcecode.swift; path = TestViewController.swift; sourceTree = "<group>"; };
		FF32BF51219F65AB009DAB2D /* Card.swift */ = {isa = PBXFileReference; lastKnownFileType = sourcecode.swift; path = Card.swift; sourceTree = "<group>"; };
		FF32BF54219F6B89009DAB2D /* Hand.swift */ = {isa = PBXFileReference; lastKnownFileType = sourcecode.swift; path = Hand.swift; sourceTree = "<group>"; };
		FFA3DF9F219B3ABE00B55F0D /* PokerPal.app */ = {isa = PBXFileReference; explicitFileType = wrapper.application; includeInIndex = 0; path = PokerPal.app; sourceTree = BUILT_PRODUCTS_DIR; };
		FFA3DFA2219B3ABE00B55F0D /* AppDelegate.swift */ = {isa = PBXFileReference; lastKnownFileType = sourcecode.swift; path = AppDelegate.swift; sourceTree = "<group>"; };
		FFA3DFA4219B3ABE00B55F0D /* ViewController.swift */ = {isa = PBXFileReference; lastKnownFileType = sourcecode.swift; path = ViewController.swift; sourceTree = "<group>"; };
		FFA3DFA7219B3ABE00B55F0D /* Base */ = {isa = PBXFileReference; lastKnownFileType = file.storyboard; name = Base; path = Base.lproj/Main.storyboard; sourceTree = "<group>"; };
		FFA3DFAA219B3ABE00B55F0D /* PokerPal.xcdatamodel */ = {isa = PBXFileReference; lastKnownFileType = wrapper.xcdatamodel; path = PokerPal.xcdatamodel; sourceTree = "<group>"; };
		FFA3DFAC219B3ABF00B55F0D /* Assets.xcassets */ = {isa = PBXFileReference; lastKnownFileType = folder.assetcatalog; path = Assets.xcassets; sourceTree = "<group>"; };
		FFA3DFAF219B3ABF00B55F0D /* Base */ = {isa = PBXFileReference; lastKnownFileType = file.storyboard; name = Base; path = Base.lproj/LaunchScreen.storyboard; sourceTree = "<group>"; };
		FFA3DFB1219B3ABF00B55F0D /* Info.plist */ = {isa = PBXFileReference; lastKnownFileType = text.plist.xml; path = Info.plist; sourceTree = "<group>"; };
		FFA3DFB6219B3AC000B55F0D /* PokerPalTests.xctest */ = {isa = PBXFileReference; explicitFileType = wrapper.cfbundle; includeInIndex = 0; path = PokerPalTests.xctest; sourceTree = BUILT_PRODUCTS_DIR; };
		FFA3DFBA219B3AC000B55F0D /* PokerPalTests.swift */ = {isa = PBXFileReference; lastKnownFileType = sourcecode.swift; path = PokerPalTests.swift; sourceTree = "<group>"; };
		FFA3DFBC219B3AC000B55F0D /* Info.plist */ = {isa = PBXFileReference; lastKnownFileType = text.plist.xml; path = Info.plist; sourceTree = "<group>"; };
		FFA3DFC9219B3E7B00B55F0D /* HandCheckerViewController.swift */ = {isa = PBXFileReference; lastKnownFileType = sourcecode.swift; path = HandCheckerViewController.swift; sourceTree = "<group>"; };
/* End PBXFileReference section */

/* Begin PBXFrameworksBuildPhase section */
		FFA3DF9C219B3ABE00B55F0D /* Frameworks */ = {
			isa = PBXFrameworksBuildPhase;
			buildActionMask = 2147483647;
			files = (
			);
			runOnlyForDeploymentPostprocessing = 0;
		};
		FFA3DFB3219B3AC000B55F0D /* Frameworks */ = {
			isa = PBXFrameworksBuildPhase;
			buildActionMask = 2147483647;
			files = (
			);
			runOnlyForDeploymentPostprocessing = 0;
		};
/* End PBXFrameworksBuildPhase section */

/* Begin PBXGroup section */
		FFA3DF96219B3ABE00B55F0D = {
			isa = PBXGroup;
			children = (
				FFA3DFA1219B3ABE00B55F0D /* PokerPal */,
				FFA3DFB9219B3AC000B55F0D /* PokerPalTests */,
				FFA3DFA0219B3ABE00B55F0D /* Products */,
			);
			sourceTree = "<group>";
		};
		FFA3DFA0219B3ABE00B55F0D /* Products */ = {
			isa = PBXGroup;
			children = (
				FFA3DF9F219B3ABE00B55F0D /* PokerPal.app */,
				FFA3DFB6219B3AC000B55F0D /* PokerPalTests.xctest */,
			);
			name = Products;
			sourceTree = "<group>";
		};
		FFA3DFA1219B3ABE00B55F0D /* PokerPal */ = {
			isa = PBXGroup;
			children = (
				FFA3DFC6219B3E0C00B55F0D /* Model */,
				FFA3DFC7219B3E1B00B55F0D /* View */,
				FFA3DFC8219B3E2500B55F0D /* Controller */,
				FFA3DFA2219B3ABE00B55F0D /* AppDelegate.swift */,
				FFA3DFAC219B3ABF00B55F0D /* Assets.xcassets */,
				FFA3DFB1219B3ABF00B55F0D /* Info.plist */,
			);
			path = PokerPal;
			sourceTree = "<group>";
		};
		FFA3DFB9219B3AC000B55F0D /* PokerPalTests */ = {
			isa = PBXGroup;
			children = (
				FFA3DFBA219B3AC000B55F0D /* PokerPalTests.swift */,
				FFA3DFBC219B3AC000B55F0D /* Info.plist */,
			);
			path = PokerPalTests;
			sourceTree = "<group>";
		};
		FFA3DFC6219B3E0C00B55F0D /* Model */ = {
			isa = PBXGroup;
			children = (
				FFA3DFA9219B3ABE00B55F0D /* PokerPal.xcdatamodeld */,
				FF32BF51219F65AB009DAB2D /* Card.swift */,
				FF32BF54219F6B89009DAB2D /* Hand.swift */,
			);
			path = Model;
			sourceTree = "<group>";
		};
		FFA3DFC7219B3E1B00B55F0D /* View */ = {
			isa = PBXGroup;
			children = (
				FFA3DFA6219B3ABE00B55F0D /* Main.storyboard */,
				FFA3DFAE219B3ABF00B55F0D /* LaunchScreen.storyboard */,
			);
			path = View;
			sourceTree = "<group>";
		};
		FFA3DFC8219B3E2500B55F0D /* Controller */ = {
			isa = PBXGroup;
			children = (
				FFA3DFA4219B3ABE00B55F0D /* ViewController.swift */,
				FFA3DFC9219B3E7B00B55F0D /* HandCheckerViewController.swift */,
				FF106469219E08AA00FD9770 /* TestViewController.swift */,
				FF0C125921A0839F00B9F09D /* HandChecker.swift */,
			);
			path = Controller;
			sourceTree = "<group>";
		};
/* End PBXGroup section */

/* Begin PBXNativeTarget section */
		FFA3DF9E219B3ABE00B55F0D /* PokerPal */ = {
			isa = PBXNativeTarget;
			buildConfigurationList = FFA3DFBF219B3AC000B55F0D /* Build configuration list for PBXNativeTarget "PokerPal" */;
			buildPhases = (
				FFA3DF9B219B3ABE00B55F0D /* Sources */,
				FFA3DF9C219B3ABE00B55F0D /* Frameworks */,
				FFA3DF9D219B3ABE00B55F0D /* Resources */,
			);
			buildRules = (
			);
			dependencies = (
			);
			name = PokerPal;
			productName = PokerPal;
			productReference = FFA3DF9F219B3ABE00B55F0D /* PokerPal.app */;
			productType = "com.apple.product-type.application";
		};
		FFA3DFB5219B3AC000B55F0D /* PokerPalTests */ = {
			isa = PBXNativeTarget;
			buildConfigurationList = FFA3DFC2219B3AC000B55F0D /* Build configuration list for PBXNativeTarget "PokerPalTests" */;
			buildPhases = (
				FFA3DFB2219B3AC000B55F0D /* Sources */,
				FFA3DFB3219B3AC000B55F0D /* Frameworks */,
				FFA3DFB4219B3AC000B55F0D /* Resources */,
			);
			buildRules = (
			);
			dependencies = (
				FFA3DFB8219B3AC000B55F0D /* PBXTargetDependency */,
			);
			name = PokerPalTests;
			productName = PokerPalTests;
			productReference = FFA3DFB6219B3AC000B55F0D /* PokerPalTests.xctest */;
			productType = "com.apple.product-type.bundle.unit-test";
		};
/* End PBXNativeTarget section */

/* Begin PBXProject section */
		FFA3DF97219B3ABE00B55F0D /* Project object */ = {
			isa = PBXProject;
			attributes = {
				LastSwiftUpdateCheck = 1000;
				LastUpgradeCheck = 1000;
				ORGANIZATIONNAME = "Eric Tyrrell";
				TargetAttributes = {
					FFA3DF9E219B3ABE00B55F0D = {
						CreatedOnToolsVersion = 10.0;
					};
					FFA3DFB5219B3AC000B55F0D = {
						CreatedOnToolsVersion = 10.0;
						TestTargetID = FFA3DF9E219B3ABE00B55F0D;
					};
				};
			};
			buildConfigurationList = FFA3DF9A219B3ABE00B55F0D /* Build configuration list for PBXProject "PokerPal" */;
			compatibilityVersion = "Xcode 9.3";
			developmentRegion = en;
			hasScannedForEncodings = 0;
			knownRegions = (
				en,
				Base,
			);
			mainGroup = FFA3DF96219B3ABE00B55F0D;
			productRefGroup = FFA3DFA0219B3ABE00B55F0D /* Products */;
			projectDirPath = "";
			projectRoot = "";
			targets = (
				FFA3DF9E219B3ABE00B55F0D /* PokerPal */,
				FFA3DFB5219B3AC000B55F0D /* PokerPalTests */,
			);
		};
/* End PBXProject section */

/* Begin PBXResourcesBuildPhase section */
		FFA3DF9D219B3ABE00B55F0D /* Resources */ = {
			isa = PBXResourcesBuildPhase;
			buildActionMask = 2147483647;
			files = (
				FFA3DFB0219B3ABF00B55F0D /* LaunchScreen.storyboard in Resources */,
				FFA3DFAD219B3ABF00B55F0D /* Assets.xcassets in Resources */,
				FFA3DFA8219B3ABE00B55F0D /* Main.storyboard in Resources */,
			);
			runOnlyForDeploymentPostprocessing = 0;
		};
		FFA3DFB4219B3AC000B55F0D /* Resources */ = {
			isa = PBXResourcesBuildPhase;
			buildActionMask = 2147483647;
			files = (
			);
			runOnlyForDeploymentPostprocessing = 0;
		};
/* End PBXResourcesBuildPhase section */

/* Begin PBXSourcesBuildPhase section */
		FFA3DF9B219B3ABE00B55F0D /* Sources */ = {
			isa = PBXSourcesBuildPhase;
			buildActionMask = 2147483647;
			files = (
				FF10646A219E08AA00FD9770 /* TestViewController.swift in Sources */,
				FF32BF52219F65AB009DAB2D /* Card.swift in Sources */,
				FFA3DFA5219B3ABE00B55F0D /* ViewController.swift in Sources */,
				FFA3DFCA219B3E7B00B55F0D /* HandCheckerViewController.swift in Sources */,
				FF0C125A21A0839F00B9F09D /* HandChecker.swift in Sources */,
				FF32BF55219F6B89009DAB2D /* Hand.swift in Sources */,
				FFA3DFA3219B3ABE00B55F0D /* AppDelegate.swift in Sources */,
				FFA3DFAB219B3ABE00B55F0D /* PokerPal.xcdatamodeld in Sources */,
			);
			runOnlyForDeploymentPostprocessing = 0;
		};
		FFA3DFB2219B3AC000B55F0D /* Sources */ = {
			isa = PBXSourcesBuildPhase;
			buildActionMask = 2147483647;
			files = (
				FFA3DFBB219B3AC000B55F0D /* PokerPalTests.swift in Sources */,
				FF32BF53219F65AB009DAB2D /* Card.swift in Sources */,
				FF32BF56219F6B89009DAB2D /* Hand.swift in Sources */,
			);
			runOnlyForDeploymentPostprocessing = 0;
		};
/* End PBXSourcesBuildPhase section */

/* Begin PBXTargetDependency section */
		FFA3DFB8219B3AC000B55F0D /* PBXTargetDependency */ = {
			isa = PBXTargetDependency;
			target = FFA3DF9E219B3ABE00B55F0D /* PokerPal */;
			targetProxy = FFA3DFB7219B3AC000B55F0D /* PBXContainerItemProxy */;
		};
/* End PBXTargetDependency section */

/* Begin PBXVariantGroup section */
		FFA3DFA6219B3ABE00B55F0D /* Main.storyboard */ = {
			isa = PBXVariantGroup;
			children = (
				FFA3DFA7219B3ABE00B55F0D /* Base */,
			);
			name = Main.storyboard;
			sourceTree = "<group>";
		};
		FFA3DFAE219B3ABF00B55F0D /* LaunchScreen.storyboard */ = {
			isa = PBXVariantGroup;
			children = (
				FFA3DFAF219B3ABF00B55F0D /* Base */,
			);
			name = LaunchScreen.storyboard;
			sourceTree = "<group>";
		};
/* End PBXVariantGroup section */

/* Begin XCBuildConfiguration section */
		FFA3DFBD219B3AC000B55F0D /* Debug */ = {
			isa = XCBuildConfiguration;
			buildSettings = {
				ALWAYS_SEARCH_USER_PATHS = NO;
				CLANG_ANALYZER_NONNULL = YES;
				CLANG_ANALYZER_NUMBER_OBJECT_CONVERSION = YES_AGGRESSIVE;
				CLANG_CXX_LANGUAGE_STANDARD = "gnu++14";
				CLANG_CXX_LIBRARY = "libc++";
				CLANG_ENABLE_MODULES = YES;
				CLANG_ENABLE_OBJC_ARC = YES;
				CLANG_ENABLE_OBJC_WEAK = YES;
				CLANG_WARN_BLOCK_CAPTURE_AUTORELEASING = YES;
				CLANG_WARN_BOOL_CONVERSION = YES;
				CLANG_WARN_COMMA = YES;
				CLANG_WARN_CONSTANT_CONVERSION = YES;
				CLANG_WARN_DEPRECATED_OBJC_IMPLEMENTATIONS = YES;
				CLANG_WARN_DIRECT_OBJC_ISA_USAGE = YES_ERROR;
				CLANG_WARN_DOCUMENTATION_COMMENTS = YES;
				CLANG_WARN_EMPTY_BODY = YES;
				CLANG_WARN_ENUM_CONVERSION = YES;
				CLANG_WARN_INFINITE_RECURSION = YES;
				CLANG_WARN_INT_CONVERSION = YES;
				CLANG_WARN_NON_LITERAL_NULL_CONVERSION = YES;
				CLANG_WARN_OBJC_IMPLICIT_RETAIN_SELF = YES;
				CLANG_WARN_OBJC_LITERAL_CONVERSION = YES;
				CLANG_WARN_OBJC_ROOT_CLASS = YES_ERROR;
				CLANG_WARN_RANGE_LOOP_ANALYSIS = YES;
				CLANG_WARN_STRICT_PROTOTYPES = YES;
				CLANG_WARN_SUSPICIOUS_MOVE = YES;
				CLANG_WARN_UNGUARDED_AVAILABILITY = YES_AGGRESSIVE;
				CLANG_WARN_UNREACHABLE_CODE = YES;
				CLANG_WARN__DUPLICATE_METHOD_MATCH = YES;
				CODE_SIGN_IDENTITY = "iPhone Developer";
				COPY_PHASE_STRIP = NO;
				DEBUG_INFORMATION_FORMAT = dwarf;
				ENABLE_STRICT_OBJC_MSGSEND = YES;
				ENABLE_TESTABILITY = YES;
				GCC_C_LANGUAGE_STANDARD = gnu11;
				GCC_DYNAMIC_NO_PIC = NO;
				GCC_NO_COMMON_BLOCKS = YES;
				GCC_OPTIMIZATION_LEVEL = 0;
				GCC_PREPROCESSOR_DEFINITIONS = (
					"DEBUG=1",
					"$(inherited)",
				);
				GCC_WARN_64_TO_32_BIT_CONVERSION = YES;
				GCC_WARN_ABOUT_RETURN_TYPE = YES_ERROR;
				GCC_WARN_UNDECLARED_SELECTOR = YES;
				GCC_WARN_UNINITIALIZED_AUTOS = YES_AGGRESSIVE;
				GCC_WARN_UNUSED_FUNCTION = YES;
				GCC_WARN_UNUSED_VARIABLE = YES;
				IPHONEOS_DEPLOYMENT_TARGET = 12.0;
				MTL_ENABLE_DEBUG_INFO = INCLUDE_SOURCE;
				MTL_FAST_MATH = YES;
				ONLY_ACTIVE_ARCH = YES;
				SDKROOT = iphoneos;
				SWIFT_ACTIVE_COMPILATION_CONDITIONS = DEBUG;
				SWIFT_OPTIMIZATION_LEVEL = "-Onone";
			};
			name = Debug;
		};
		FFA3DFBE219B3AC000B55F0D /* Release */ = {
			isa = XCBuildConfiguration;
			buildSettings = {
				ALWAYS_SEARCH_USER_PATHS = NO;
				CLANG_ANALYZER_NONNULL = YES;
				CLANG_ANALYZER_NUMBER_OBJECT_CONVERSION = YES_AGGRESSIVE;
				CLANG_CXX_LANGUAGE_STANDARD = "gnu++14";
				CLANG_CXX_LIBRARY = "libc++";
				CLANG_ENABLE_MODULES = YES;
				CLANG_ENABLE_OBJC_ARC = YES;
				CLANG_ENABLE_OBJC_WEAK = YES;
				CLANG_WARN_BLOCK_CAPTURE_AUTORELEASING = YES;
				CLANG_WARN_BOOL_CONVERSION = YES;
				CLANG_WARN_COMMA = YES;
				CLANG_WARN_CONSTANT_CONVERSION = YES;
				CLANG_WARN_DEPRECATED_OBJC_IMPLEMENTATIONS = YES;
				CLANG_WARN_DIRECT_OBJC_ISA_USAGE = YES_ERROR;
				CLANG_WARN_DOCUMENTATION_COMMENTS = YES;
				CLANG_WARN_EMPTY_BODY = YES;
				CLANG_WARN_ENUM_CONVERSION = YES;
				CLANG_WARN_INFINITE_RECURSION = YES;
				CLANG_WARN_INT_CONVERSION = YES;
				CLANG_WARN_NON_LITERAL_NULL_CONVERSION = YES;
				CLANG_WARN_OBJC_IMPLICIT_RETAIN_SELF = YES;
				CLANG_WARN_OBJC_LITERAL_CONVERSION = YES;
				CLANG_WARN_OBJC_ROOT_CLASS = YES_ERROR;
				CLANG_WARN_RANGE_LOOP_ANALYSIS = YES;
				CLANG_WARN_STRICT_PROTOTYPES = YES;
				CLANG_WARN_SUSPICIOUS_MOVE = YES;
				CLANG_WARN_UNGUARDED_AVAILABILITY = YES_AGGRESSIVE;
				CLANG_WARN_UNREACHABLE_CODE = YES;
				CLANG_WARN__DUPLICATE_METHOD_MATCH = YES;
				CODE_SIGN_IDENTITY = "iPhone Developer";
				COPY_PHASE_STRIP = NO;
				DEBUG_INFORMATION_FORMAT = "dwarf-with-dsym";
				ENABLE_NS_ASSERTIONS = NO;
				ENABLE_STRICT_OBJC_MSGSEND = YES;
				GCC_C_LANGUAGE_STANDARD = gnu11;
				GCC_NO_COMMON_BLOCKS = YES;
				GCC_WARN_64_TO_32_BIT_CONVERSION = YES;
				GCC_WARN_ABOUT_RETURN_TYPE = YES_ERROR;
				GCC_WARN_UNDECLARED_SELECTOR = YES;
				GCC_WARN_UNINITIALIZED_AUTOS = YES_AGGRESSIVE;
				GCC_WARN_UNUSED_FUNCTION = YES;
				GCC_WARN_UNUSED_VARIABLE = YES;
				IPHONEOS_DEPLOYMENT_TARGET = 12.0;
				MTL_ENABLE_DEBUG_INFO = NO;
				MTL_FAST_MATH = YES;
				SDKROOT = iphoneos;
				SWIFT_COMPILATION_MODE = wholemodule;
				SWIFT_OPTIMIZATION_LEVEL = "-O";
				VALIDATE_PRODUCT = YES;
			};
			name = Release;
		};
		FFA3DFC0219B3AC000B55F0D /* Debug */ = {
			isa = XCBuildConfiguration;
			buildSettings = {
				ASSETCATALOG_COMPILER_APPICON_NAME = AppIcon;
				CODE_SIGN_STYLE = Automatic;
				DEVELOPMENT_TEAM = SWL5ZP7WH8;
				INFOPLIST_FILE = PokerPal/Info.plist;
				LD_RUNPATH_SEARCH_PATHS = (
					"$(inherited)",
					"@executable_path/Frameworks",
				);
				PRODUCT_BUNDLE_IDENTIFIER = Eric.PokerPal;
				PRODUCT_NAME = "$(TARGET_NAME)";
				SWIFT_VERSION = 4.2;
				TARGETED_DEVICE_FAMILY = "1,2";
			};
			name = Debug;
		};
		FFA3DFC1219B3AC000B55F0D /* Release */ = {
			isa = XCBuildConfiguration;
			buildSettings = {
				ASSETCATALOG_COMPILER_APPICON_NAME = AppIcon;
				CODE_SIGN_STYLE = Automatic;
				DEVELOPMENT_TEAM = SWL5ZP7WH8;
				INFOPLIST_FILE = PokerPal/Info.plist;
				LD_RUNPATH_SEARCH_PATHS = (
					"$(inherited)",
					"@executable_path/Frameworks",
				);
				PRODUCT_BUNDLE_IDENTIFIER = Eric.PokerPal;
				PRODUCT_NAME = "$(TARGET_NAME)";
				SWIFT_VERSION = 4.2;
				TARGETED_DEVICE_FAMILY = "1,2";
			};
			name = Release;
		};
		FFA3DFC3219B3AC000B55F0D /* Debug */ = {
			isa = XCBuildConfiguration;
			buildSettings = {
				ALWAYS_EMBED_SWIFT_STANDARD_LIBRARIES = YES;
				BUNDLE_LOADER = "$(TEST_HOST)";
				CODE_SIGN_STYLE = Automatic;
				DEVELOPMENT_TEAM = SWL5ZP7WH8;
				INFOPLIST_FILE = PokerPalTests/Info.plist;
				LD_RUNPATH_SEARCH_PATHS = (
					"$(inherited)",
					"@executable_path/Frameworks",
					"@loader_path/Frameworks",
				);
				PRODUCT_BUNDLE_IDENTIFIER = Eric.PokerPalTests;
				PRODUCT_NAME = "$(TARGET_NAME)";
				SWIFT_VERSION = 4.2;
				TARGETED_DEVICE_FAMILY = "1,2";
				TEST_HOST = "$(BUILT_PRODUCTS_DIR)/PokerPal.app/PokerPal";
			};
			name = Debug;
		};
		FFA3DFC4219B3AC000B55F0D /* Release */ = {
			isa = XCBuildConfiguration;
			buildSettings = {
				ALWAYS_EMBED_SWIFT_STANDARD_LIBRARIES = YES;
				BUNDLE_LOADER = "$(TEST_HOST)";
				CODE_SIGN_STYLE = Automatic;
				DEVELOPMENT_TEAM = SWL5ZP7WH8;
				INFOPLIST_FILE = PokerPalTests/Info.plist;
				LD_RUNPATH_SEARCH_PATHS = (
					"$(inherited)",
					"@executable_path/Frameworks",
					"@loader_path/Frameworks",
				);
				PRODUCT_BUNDLE_IDENTIFIER = Eric.PokerPalTests;
				PRODUCT_NAME = "$(TARGET_NAME)";
				SWIFT_VERSION = 4.2;
				TARGETED_DEVICE_FAMILY = "1,2";
				TEST_HOST = "$(BUILT_PRODUCTS_DIR)/PokerPal.app/PokerPal";
			};
			name = Release;
		};
/* End XCBuildConfiguration section */

/* Begin XCConfigurationList section */
		FFA3DF9A219B3ABE00B55F0D /* Build configuration list for PBXProject "PokerPal" */ = {
			isa = XCConfigurationList;
			buildConfigurations = (
				FFA3DFBD219B3AC000B55F0D /* Debug */,
				FFA3DFBE219B3AC000B55F0D /* Release */,
			);
			defaultConfigurationIsVisible = 0;
			defaultConfigurationName = Release;
		};
		FFA3DFBF219B3AC000B55F0D /* Build configuration list for PBXNativeTarget "PokerPal" */ = {
			isa = XCConfigurationList;
			buildConfigurations = (
				FFA3DFC0219B3AC000B55F0D /* Debug */,
				FFA3DFC1219B3AC000B55F0D /* Release */,
			);
			defaultConfigurationIsVisible = 0;
			defaultConfigurationName = Release;
		};
		FFA3DFC2219B3AC000B55F0D /* Build configuration list for PBXNativeTarget "PokerPalTests" */ = {
			isa = XCConfigurationList;
			buildConfigurations = (
				FFA3DFC3219B3AC000B55F0D /* Debug */,
				FFA3DFC4219B3AC000B55F0D /* Release */,
			);
			defaultConfigurationIsVisible = 0;
			defaultConfigurationName = Release;
		};
/* End XCConfigurationList section */

/* Begin XCVersionGroup section */
		FFA3DFA9219B3ABE00B55F0D /* PokerPal.xcdatamodeld */ = {
			isa = XCVersionGroup;
			children = (
				FFA3DFAA219B3ABE00B55F0D /* PokerPal.xcdatamodel */,
			);
			currentVersion = FFA3DFAA219B3ABE00B55F0D /* PokerPal.xcdatamodel */;
			path = PokerPal.xcdatamodeld;
			sourceTree = "<group>";
			versionGroupType = wrapper.xcdatamodel;
		};
/* End XCVersionGroup section */
	};
	rootObject = FFA3DF97219B3ABE00B55F0D /* Project object */;
}
